// !$*UTF8*$!
{
	archiveVersion = 1;
	classes = {
	};
	objectVersion = 46;
	objects = {

/* Begin PBXBuildFile section */
		AE2657B21DA9E208001D827F /* main.m in Sources */ = {isa = PBXBuildFile; fileRef = AE2657B11DA9E208001D827F /* main.m */; };
		AE2657B51DA9E208001D827F /* AppDelegate.m in Sources */ = {isa = PBXBuildFile; fileRef = AE2657B41DA9E208001D827F /* AppDelegate.m */; };
		AE2657B81DA9E208001D827F /* ViewController.m in Sources */ = {isa = PBXBuildFile; fileRef = AE2657B71DA9E208001D827F /* ViewController.m */; };
		AE2657BB1DA9E208001D827F /* Main.storyboard in Resources */ = {isa = PBXBuildFile; fileRef = AE2657B91DA9E208001D827F /* Main.storyboard */; };
		AE2657BD1DA9E208001D827F /* Assets.xcassets in Resources */ = {isa = PBXBuildFile; fileRef = AE2657BC1DA9E208001D827F /* Assets.xcassets */; };
		AE2657C01DA9E208001D827F /* LaunchScreen.storyboard in Resources */ = {isa = PBXBuildFile; fileRef = AE2657BE1DA9E208001D827F /* LaunchScreen.storyboard */; };
		AE2657CB1DA9E208001D827F /* TestJenkinsTests.m in Sources */ = {isa = PBXBuildFile; fileRef = AE2657CA1DA9E208001D827F /* TestJenkinsTests.m */; };
		AE2657D61DA9E208001D827F /* TestJenkinsUITests.m in Sources */ = {isa = PBXBuildFile; fileRef = AE2657D51DA9E208001D827F /* TestJenkinsUITests.m */; };
/* End PBXBuildFile section */

/* Begin PBXContainerItemProxy section */
		AE2657C71DA9E208001D827F /* PBXContainerItemProxy */ = {
			isa = PBXContainerItemProxy;
			containerPortal = AE2657A51DA9E208001D827F /* Project object */;
			proxyType = 1;
			remoteGlobalIDString = AE2657AC1DA9E208001D827F;
			remoteInfo = TestJenkins;
		};
		AE2657D21DA9E208001D827F /* PBXContainerItemProxy */ = {
			isa = PBXContainerItemProxy;
			containerPortal = AE2657A51DA9E208001D827F /* Project object */;
			proxyType = 1;
			remoteGlobalIDString = AE2657AC1DA9E208001D827F;
			remoteInfo = TestJenkins;
		};
/* End PBXContainerItemProxy section */

/* Begin PBXFileReference section */
		AE2657AD1DA9E208001D827F /* TestJenkins.app */ = {isa = PBXFileReference; explicitFileType = wrapper.application; includeInIndex = 0; path = TestJenkins.app; sourceTree = BUILT_PRODUCTS_DIR; };
		AE2657B11DA9E208001D827F /* main.m */ = {isa = PBXFileReference; lastKnownFileType = sourcecode.c.objc; path = main.m; sourceTree = "<group>"; };
		AE2657B31DA9E208001D827F /* AppDelegate.h */ = {isa = PBXFileReference; lastKnownFileType = sourcecode.c.h; path = AppDelegate.h; sourceTree = "<group>"; };
		AE2657B41DA9E208001D827F /* AppDelegate.m */ = {isa = PBXFileReference; lastKnownFileType = sourcecode.c.objc; path = AppDelegate.m; sourceTree = "<group>"; };
		AE2657B61DA9E208001D827F /* ViewController.h */ = {isa = PBXFileReference; lastKnownFileType = sourcecode.c.h; path = ViewController.h; sourceTree = "<group>"; };
		AE2657B71DA9E208001D827F /* ViewController.m */ = {isa = PBXFileReference; lastKnownFileType = sourcecode.c.objc; path = ViewController.m; sourceTree = "<group>"; };
		AE2657BA1DA9E208001D827F /* Base */ = {isa = PBXFileReference; lastKnownFileType = file.storyboard; name = Base; path = Base.lproj/Main.storyboard; sourceTree = "<group>"; };
		AE2657BC1DA9E208001D827F /* Assets.xcassets */ = {isa = PBXFileReference; lastKnownFileType = folder.assetcatalog; path = Assets.xcassets; sourceTree = "<group>"; };
		AE2657BF1DA9E208001D827F /* Base */ = {isa = PBXFileReference; lastKnownFileType = file.storyboard; name = Base; path = Base.lproj/LaunchScreen.storyboard; sourceTree = "<group>"; };
		AE2657C11DA9E208001D827F /* Info.plist */ = {isa = PBXFileReference; lastKnownFileType = text.plist.xml; path = Info.plist; sourceTree = "<group>"; };
		AE2657C61DA9E208001D827F /* TestJenkinsTests.xctest */ = {isa = PBXFileReference; explicitFileType = wrapper.cfbundle; includeInIndex = 0; path = TestJenkinsTests.xctest; sourceTree = BUILT_PRODUCTS_DIR; };
		AE2657CA1DA9E208001D827F /* TestJenkinsTests.m */ = {isa = PBXFileReference; lastKnownFileType = sourcecode.c.objc; path = TestJenkinsTests.m; sourceTree = "<group>"; };
		AE2657CC1DA9E208001D827F /* Info.plist */ = {isa = PBXFileReference; lastKnownFileType = text.plist.xml; path = Info.plist; sourceTree = "<group>"; };
		AE2657D11DA9E208001D827F /* TestJenkinsUITests.xctest */ = {isa = PBXFileReference; explicitFileType = wrapper.cfbundle; includeInIndex = 0; path = TestJenkinsUITests.xctest; sourceTree = BUILT_PRODUCTS_DIR; };
		AE2657D51DA9E208001D827F /* TestJenkinsUITests.m */ = {isa = PBXFileReference; lastKnownFileType = sourcecode.c.objc; path = TestJenkinsUITests.m; sourceTree = "<group>"; };
		AE2657D71DA9E208001D827F /* Info.plist */ = {isa = PBXFileReference; lastKnownFileType = text.plist.xml; path = Info.plist; sourceTree = "<group>"; };
/* End PBXFileReference section */

/* Begin PBXFrameworksBuildPhase section */
		AE2657AA1DA9E208001D827F /* Frameworks */ = {
			isa = PBXFrameworksBuildPhase;
			buildActionMask = 2147483647;
			files = (
			);
			runOnlyForDeploymentPostprocessing = 0;
		};
		AE2657C31DA9E208001D827F /* Frameworks */ = {
			isa = PBXFrameworksBuildPhase;
			buildActionMask = 2147483647;
			files = (
			);
			runOnlyForDeploymentPostprocessing = 0;
		};
		AE2657CE1DA9E208001D827F /* Frameworks */ = {
			isa = PBXFrameworksBuildPhase;
			buildActionMask = 2147483647;
			files = (
			);
			runOnlyForDeploymentPostprocessing = 0;
		};
/* End PBXFrameworksBuildPhase section */

/* Begin PBXGroup section */
		AE2657A41DA9E208001D827F = {
			isa = PBXGroup;
			children = (
				AE2657AF1DA9E208001D827F /* TestJenkins */,
				AE2657C91DA9E208001D827F /* TestJenkinsTests */,
				AE2657D41DA9E208001D827F /* TestJenkinsUITests */,
				AE2657AE1DA9E208001D827F /* Products */,
			);
			sourceTree = "<group>";
		};
		AE2657AE1DA9E208001D827F /* Products */ = {
			isa = PBXGroup;
			children = (
				AE2657AD1DA9E208001D827F /* TestJenkins.app */,
				AE2657C61DA9E208001D827F /* TestJenkinsTests.xctest */,
				AE2657D11DA9E208001D827F /* TestJenkinsUITests.xctest */,
			);
			name = Products;
			sourceTree = "<group>";
		};
		AE2657AF1DA9E208001D827F /* TestJenkins */ = {
			isa = PBXGroup;
			children = (
				AE2657B31DA9E208001D827F /* AppDelegate.h */,
				AE2657B41DA9E208001D827F /* AppDelegate.m */,
				AE2657B61DA9E208001D827F /* ViewController.h */,
				AE2657B71DA9E208001D827F /* ViewController.m */,
				AE2657B91DA9E208001D827F /* Main.storyboard */,
				AE2657BC1DA9E208001D827F /* Assets.xcassets */,
				AE2657BE1DA9E208001D827F /* LaunchScreen.storyboard */,
				AE2657C11DA9E208001D827F /* Info.plist */,
				AE2657B01DA9E208001D827F /* Supporting Files */,
			);
			path = TestJenkins;
			sourceTree = "<group>";
		};
		AE2657B01DA9E208001D827F /* Supporting Files */ = {
			isa = PBXGroup;
			children = (
				AE2657B11DA9E208001D827F /* main.m */,
			);
			name = "Supporting Files";
			sourceTree = "<group>";
		};
		AE2657C91DA9E208001D827F /* TestJenkinsTests */ = {
			isa = PBXGroup;
			children = (
				AE2657CA1DA9E208001D827F /* TestJenkinsTests.m */,
				AE2657CC1DA9E208001D827F /* Info.plist */,
			);
			path = TestJenkinsTests;
			sourceTree = "<group>";
		};
		AE2657D41DA9E208001D827F /* TestJenkinsUITests */ = {
			isa = PBXGroup;
			children = (
				AE2657D51DA9E208001D827F /* TestJenkinsUITests.m */,
				AE2657D71DA9E208001D827F /* Info.plist */,
			);
			path = TestJenkinsUITests;
			sourceTree = "<group>";
		};
/* End PBXGroup section */

/* Begin PBXNativeTarget section */
		AE2657AC1DA9E208001D827F /* TestJenkins */ = {
			isa = PBXNativeTarget;
			buildConfigurationList = AE2657DA1DA9E208001D827F /* Build configuration list for PBXNativeTarget "TestJenkins" */;
			buildPhases = (
				AE2657A91DA9E208001D827F /* Sources */,
				AE2657AA1DA9E208001D827F /* Frameworks */,
				AE2657AB1DA9E208001D827F /* Resources */,
			);
			buildRules = (
			);
			dependencies = (
			);
			name = TestJenkins;
			productName = TestJenkins;
			productReference = AE2657AD1DA9E208001D827F /* TestJenkins.app */;
			productType = "com.apple.product-type.application";
		};
		AE2657C51DA9E208001D827F /* TestJenkinsTests */ = {
			isa = PBXNativeTarget;
			buildConfigurationList = AE2657DD1DA9E208001D827F /* Build configuration list for PBXNativeTarget "TestJenkinsTests" */;
			buildPhases = (
				AE2657C21DA9E208001D827F /* Sources */,
				AE2657C31DA9E208001D827F /* Frameworks */,
				AE2657C41DA9E208001D827F /* Resources */,
			);
			buildRules = (
			);
			dependencies = (
				AE2657C81DA9E208001D827F /* PBXTargetDependency */,
			);
			name = TestJenkinsTests;
			productName = TestJenkinsTests;
			productReference = AE2657C61DA9E208001D827F /* TestJenkinsTests.xctest */;
			productType = "com.apple.product-type.bundle.unit-test";
		};
		AE2657D01DA9E208001D827F /* TestJenkinsUITests */ = {
			isa = PBXNativeTarget;
			buildConfigurationList = AE2657E01DA9E208001D827F /* Build configuration list for PBXNativeTarget "TestJenkinsUITests" */;
			buildPhases = (
				AE2657CD1DA9E208001D827F /* Sources */,
				AE2657CE1DA9E208001D827F /* Frameworks */,
				AE2657CF1DA9E208001D827F /* Resources */,
			);
			buildRules = (
			);
			dependencies = (
				AE2657D31DA9E208001D827F /* PBXTargetDependency */,
			);
			name = TestJenkinsUITests;
			productName = TestJenkinsUITests;
			productReference = AE2657D11DA9E208001D827F /* TestJenkinsUITests.xctest */;
			productType = "com.apple.product-type.bundle.ui-testing";
		};
/* End PBXNativeTarget section */

/* Begin PBXProject section */
		AE2657A51DA9E208001D827F /* Project object */ = {
			isa = PBXProject;
			attributes = {
				LastUpgradeCheck = 0800;
				ORGANIZATIONNAME = Sunshine;
				TargetAttributes = {
					AE2657AC1DA9E208001D827F = {
						CreatedOnToolsVersion = 8.0;
						DevelopmentTeam = LME682U793;
						ProvisioningStyle = Automatic;
					};
					AE2657C51DA9E208001D827F = {
						CreatedOnToolsVersion = 8.0;
						ProvisioningStyle = Automatic;
						TestTargetID = AE2657AC1DA9E208001D827F;
					};
					AE2657D01DA9E208001D827F = {
						CreatedOnToolsVersion = 8.0;
						ProvisioningStyle = Automatic;
						TestTargetID = AE2657AC1DA9E208001D827F;
					};
				};
			};
			buildConfigurationList = AE2657A81DA9E208001D827F /* Build configuration list for PBXProject "TestJenkins" */;
			compatibilityVersion = "Xcode 3.2";
			developmentRegion = English;
			hasScannedForEncodings = 0;
			knownRegions = (
				en,
				Base,
			);
			mainGroup = AE2657A41DA9E208001D827F;
			productRefGroup = AE2657AE1DA9E208001D827F /* Products */;
			projectDirPath = "";
			projectRoot = "";
			targets = (
				AE2657AC1DA9E208001D827F /* TestJenkins */,
				AE2657C51DA9E208001D827F /* TestJenkinsTests */,
				AE2657D01DA9E208001D827F /* TestJenkinsUITests */,
			);
		};
/* End PBXProject section */

/* Begin PBXResourcesBuildPhase section */
		AE2657AB1DA9E208001D827F /* Resources */ = {
			isa = PBXResourcesBuildPhase;
			buildActionMask = 2147483647;
			files = (
				AE2657C01DA9E208001D827F /* LaunchScreen.storyboard in Resources */,
				AE2657BD1DA9E208001D827F /* Assets.xcassets in Resources */,
				AE2657BB1DA9E208001D827F /* Main.storyboard in Resources */,
			);
			runOnlyForDeploymentPostprocessing = 0;
		};
		AE2657C41DA9E208001D827F /* Resources */ = {
			isa = PBXResourcesBuildPhase;
			buildActionMask = 2147483647;
			files = (
			);
			runOnlyForDeploymentPostprocessing = 0;
		};
		AE2657CF1DA9E208001D827F /* Resources */ = {
			isa = PBXResourcesBuildPhase;
			buildActionMask = 2147483647;
			files = (
			);
			runOnlyForDeploymentPostprocessing = 0;
		};
/* End PBXResourcesBuildPhase section */

/* Begin PBXSourcesBuildPhase section */
		AE2657A91DA9E208001D827F /* Sources */ = {
			isa = PBXSourcesBuildPhase;
			buildActionMask = 2147483647;
			files = (
				AE2657B81DA9E208001D827F /* ViewController.m in Sources */,
				AE2657B51DA9E208001D827F /* AppDelegate.m in Sources */,
				AE2657B21DA9E208001D827F /* main.m in Sources */,
			);
			runOnlyForDeploymentPostprocessing = 0;
		};
		AE2657C21DA9E208001D827F /* Sources */ = {
			isa = PBXSourcesBuildPhase;
			buildActionMask = 2147483647;
			files = (
				AE2657CB1DA9E208001D827F /* TestJenkinsTests.m in Sources */,
			);
			runOnlyForDeploymentPostprocessing = 0;
		};
		AE2657CD1DA9E208001D827F /* Sources */ = {
			isa = PBXSourcesBuildPhase;
			buildActionMask = 2147483647;
			files = (
				AE2657D61DA9E208001D827F /* TestJenkinsUITests.m in Sources */,
			);
			runOnlyForDeploymentPostprocessing = 0;
		};
/* End PBXSourcesBuildPhase section */

/* Begin PBXTargetDependency section */
		AE2657C81DA9E208001D827F /* PBXTargetDependency */ = {
			isa = PBXTargetDependency;
			target = AE2657AC1DA9E208001D827F /* TestJenkins */;
			targetProxy = AE2657C71DA9E208001D827F /* PBXContainerItemProxy */;
		};
		AE2657D31DA9E208001D827F /* PBXTargetDependency */ = {
			isa = PBXTargetDependency;
			target = AE2657AC1DA9E208001D827F /* TestJenkins */;
			targetProxy = AE2657D21DA9E208001D827F /* PBXContainerItemProxy */;
		};
/* End PBXTargetDependency section */

/* Begin PBXVariantGroup section */
		AE2657B91DA9E208001D827F /* Main.storyboard */ = {
			isa = PBXVariantGroup;
			children = (
				AE2657BA1DA9E208001D827F /* Base */,
			);
			name = Main.storyboard;
			sourceTree = "<group>";
		};
		AE2657BE1DA9E208001D827F /* LaunchScreen.storyboard */ = {
			isa = PBXVariantGroup;
			children = (
				AE2657BF1DA9E208001D827F /* Base */,
			);
			name = LaunchScreen.storyboard;
			sourceTree = "<group>";
		};
/* End PBXVariantGroup section */

/* Begin XCBuildConfiguration section */
		AE2657D81DA9E208001D827F /* Debug */ = {
			isa = XCBuildConfiguration;
			buildSettings = {
				ALWAYS_SEARCH_USER_PATHS = NO;
				CLANG_ANALYZER_NONNULL = YES;
				CLANG_CXX_LANGUAGE_STANDARD = "gnu++0x";
				CLANG_CXX_LIBRARY = "libc++";
				CLANG_ENABLE_MODULES = YES;
				CLANG_ENABLE_OBJC_ARC = YES;
				CLANG_WARN_BOOL_CONVERSION = YES;
				CLANG_WARN_CONSTANT_CONVERSION = YES;
				CLANG_WARN_DIRECT_OBJC_ISA_USAGE = YES_ERROR;
				CLANG_WARN_DOCUMENTATION_COMMENTS = YES;
				CLANG_WARN_EMPTY_BODY = YES;
				CLANG_WARN_ENUM_CONVERSION = YES;
				CLANG_WARN_INFINITE_RECURSION = YES;
				CLANG_WARN_INT_CONVERSION = YES;
				CLANG_WARN_OBJC_ROOT_CLASS = YES_ERROR;
				CLANG_WARN_SUSPICIOUS_MOVES = YES;
				CLANG_WARN_UNREACHABLE_CODE = YES;
				CLANG_WARN__DUPLICATE_METHOD_MATCH = YES;
				"CODE_SIGN_IDENTITY[sdk=iphoneos*]" = "iPhone Developer";
				COPY_PHASE_STRIP = NO;
				DEBUG_INFORMATION_FORMAT = dwarf;
				ENABLE_STRICT_OBJC_MSGSEND = YES;
				ENABLE_TESTABILITY = YES;
				GCC_C_LANGUAGE_STANDARD = gnu99;
				GCC_DYNAMIC_NO_PIC = NO;
				GCC_NO_COMMON_BLOCKS = YES;
				GCC_OPTIMIZATION_LEVEL = 0;
				GCC_PREPROCESSOR_DEFINITIONS = (
					"DEBUG=1",
					"$(inherited)",
				);
				GCC_WARN_64_TO_32_BIT_CONVERSION = YES;
				GCC_WARN_ABOUT_RETURN_TYPE = YES_ERROR;
				GCC_WARN_UNDECLARED_SELECTOR = YES;
				GCC_WARN_UNINITIALIZED_AUTOS = YES_AGGRESSIVE;
				GCC_WARN_UNUSED_FUNCTION = YES;
				GCC_WARN_UNUSED_VARIABLE = YES;
				IPHONEOS_DEPLOYMENT_TARGET = 10.0;
				MTL_ENABLE_DEBUG_INFO = YES;
				ONLY_ACTIVE_ARCH = YES;
				SDKROOT = iphoneos;
				TARGETED_DEVICE_FAMILY = "1,2";
			};
			name = Debug;
		};
		AE2657D91DA9E208001D827F /* Release */ = {
			isa = XCBuildConfiguration;
			buildSettings = {
				ALWAYS_SEARCH_USER_PATHS = NO;
				CLANG_ANALYZER_NONNULL = YES;
				CLANG_CXX_LANGUAGE_STANDARD = "gnu++0x";
				CLANG_CXX_LIBRARY = "libc++";
				CLANG_ENABLE_MODULES = YES;
				CLANG_ENABLE_OBJC_ARC = YES;
				CLANG_WARN_BOOL_CONVERSION = YES;
				CLANG_WARN_CONSTANT_CONVERSION = YES;
				CLANG_WARN_DIRECT_OBJC_ISA_USAGE = YES_ERROR;
				CLANG_WARN_DOCUMENTATION_COMMENTS = YES;
				CLANG_WARN_EMPTY_BODY = YES;
				CLANG_WARN_ENUM_CONVERSION = YES;
				CLANG_WARN_INFINITE_RECURSION = YES;
				CLANG_WARN_INT_CONVERSION = YES;
				CLANG_WARN_OBJC_ROOT_CLASS = YES_ERROR;
				CLANG_WARN_SUSPICIOUS_MOVES = YES;
				CLANG_WARN_UNREACHABLE_CODE = YES;
				CLANG_WARN__DUPLICATE_METHOD_MATCH = YES;
				"CODE_SIGN_IDENTITY[sdk=iphoneos*]" = "iPhone Developer";
				COPY_PHASE_STRIP = NO;
				DEBUG_INFORMATION_FORMAT = "dwarf-with-dsym";
				ENABLE_NS_ASSERTIONS = NO;
				ENABLE_STRICT_OBJC_MSGSEND = YES;
				GCC_C_LANGUAGE_STANDARD = gnu99;
				GCC_NO_COMMON_BLOCKS = YES;
				GCC_WARN_64_TO_32_BIT_CONVERSION = YES;
				GCC_WARN_ABOUT_RETURN_TYPE = YES_ERROR;
				GCC_WARN_UNDECLARED_SELECTOR = YES;
				GCC_WARN_UNINITIALIZED_AUTOS = YES_AGGRESSIVE;
				GCC_WARN_UNUSED_FUNCTION = YES;
				GCC_WARN_UNUSED_VARIABLE = YES;
				IPHONEOS_DEPLOYMENT_TARGET = 10.0;
				MTL_ENABLE_DEBUG_INFO = NO;
				SDKROOT = iphoneos;
				TARGETED_DEVICE_FAMILY = "1,2";
				VALIDATE_PRODUCT = YES;
			};
			name = Release;
		};
		AE2657DB1DA9E208001D827F /* Debug */ = {
			isa = XCBuildConfiguration;
			buildSettings = {
				ASSETCATALOG_COMPILER_APPICON_NAME = AppIcon;
				DEVELOPMENT_TEAM = LME682U793;
				INFOPLIST_FILE = TestJenkins/Info.plist;
				LD_RUNPATH_SEARCH_PATHS = "$(inherited) @executable_path/Frameworks";
				PRODUCT_BUNDLE_IDENTIFIER = com.testJenkins;
				PRODUCT_NAME = "$(TARGET_NAME)";
				PROVISIONING_PROFILE = "7c433a01-0a09-43ae-ada9-0bb8b9f1eaab";
			};
			name = Debug;
		};
		AE2657DC1DA9E208001D827F /* Release */ = {
			isa = XCBuildConfiguration;
			buildSettings = {
				ASSETCATALOG_COMPILER_APPICON_NAME = AppIcon;
				DEVELOPMENT_TEAM = LME682U793;
				INFOPLIST_FILE = TestJenkins/Info.plist;
				LD_RUNPATH_SEARCH_PATHS = "$(inherited) @executable_path/Frameworks";
				PRODUCT_BUNDLE_IDENTIFIER = com.testJenkins;
				PRODUCT_NAME = "$(TARGET_NAME)";
				PROVISIONING_PROFILE = "7c433a01-0a09-43ae-ada9-0bb8b9f1eaab";
			};
			name = Release;
		};
		AE2657DE1DA9E208001D827F /* Debug */ = {
			isa = XCBuildConfiguration;
			buildSettings = {
				BUNDLE_LOADER = "$(TEST_HOST)";
				INFOPLIST_FILE = TestJenkinsTests/Info.plist;
				LD_RUNPATH_SEARCH_PATHS = "$(inherited) @executable_path/Frameworks @loader_path/Frameworks";
				PRODUCT_BUNDLE_IDENTIFIER = com.yotrolz.TestJenkinsTests;
				PRODUCT_NAME = "$(TARGET_NAME)";
				TEST_HOST = "$(BUILT_PRODUCTS_DIR)/TestJenkins.app/TestJenkins";
			};
			name = Debug;
		};
		AE2657DF1DA9E208001D827F /* Release */ = {
			isa = XCBuildConfiguration;
			buildSettings = {
				BUNDLE_LOADER = "$(TEST_HOST)";
				INFOPLIST_FILE = TestJenkinsTests/Info.plist;
				LD_RUNPATH_SEARCH_PATHS = "$(inherited) @executable_path/Frameworks @loader_path/Frameworks";
				PRODUCT_BUNDLE_IDENTIFIER = com.yotrolz.TestJenkinsTests;
				PRODUCT_NAME = "$(TARGET_NAME)";
				TEST_HOST = "$(BUILT_PRODUCTS_DIR)/TestJenkins.app/TestJenkins";
			};
			name = Release;
		};
		AE2657E11DA9E208001D827F /* Debug */ = {
			isa = XCBuildConfiguration;
			buildSettings = {
				INFOPLIST_FILE = TestJenkinsUITests/Info.plist;
				LD_RUNPATH_SEARCH_PATHS = "$(inherited) @executable_path/Frameworks @loader_path/Frameworks";
				PRODUCT_BUNDLE_IDENTIFIER = com.yotrolz.TestJenkinsUITests;
				PRODUCT_NAME = "$(TARGET_NAME)";
				TEST_TARGET_NAME = TestJenkins;
			};
			name = Debug;
		};
		AE2657E21DA9E208001D827F /* Release */ = {
			isa = XCBuildConfiguration;
			buildSettings = {
				INFOPLIST_FILE = TestJenkinsUITests/Info.plist;
				LD_RUNPATH_SEARCH_PATHS = "$(inherited) @executable_path/Frameworks @loader_path/Frameworks";
				PRODUCT_BUNDLE_IDENTIFIER = com.yotrolz.TestJenkinsUITests;
				PRODUCT_NAME = "$(TARGET_NAME)";
				TEST_TARGET_NAME = TestJenkins;
			};
			name = Release;
		};
/* End XCBuildConfiguration section */

/* Begin XCConfigurationList section */
		AE2657A81DA9E208001D827F /* Build configuration list for PBXProject "TestJenkins" */ = {
			isa = XCConfigurationList;
			buildConfigurations = (
				AE2657D81DA9E208001D827F /* Debug */,
				AE2657D91DA9E208001D827F /* Release */,
			);
			defaultConfigurationIsVisible = 0;
			defaultConfigurationName = Release;
		};
		AE2657DA1DA9E208001D827F /* Build configuration list for PBXNativeTarget "TestJenkins" */ = {
			isa = XCConfigurationList;
			buildConfigurations = (
				AE2657DB1DA9E208001D827F /* Debug */,
				AE2657DC1DA9E208001D827F /* Release */,
			);
			defaultConfigurationIsVisible = 0;
			defaultConfigurationName = Release;
		};
		AE2657DD1DA9E208001D827F /* Build configuration list for PBXNativeTarget "TestJenkinsTests" */ = {
			isa = XCConfigurationList;
			buildConfigurations = (
				AE2657DE1DA9E208001D827F /* Debug */,
				AE2657DF1DA9E208001D827F /* Release */,
			);
			defaultConfigurationIsVisible = 0;
			defaultConfigurationName = Release;
		};
		AE2657E01DA9E208001D827F /* Build configuration list for PBXNativeTarget "TestJenkinsUITests" */ = {
			isa = XCConfigurationList;
			buildConfigurations = (
				AE2657E11DA9E208001D827F /* Debug */,
				AE2657E21DA9E208001D827F /* Release */,
			);
			defaultConfigurationIsVisible = 0;
			defaultConfigurationName = Release;
		};
/* End XCConfigurationList section */
	};
	rootObject = AE2657A51DA9E208001D827F /* Project object */;
}
